
Microsoft Visual Studio Solution File, Format Version 12.00
# Visual Studio Version 16
VisualStudioVersion = 16.0.31410.357
MinimumVisualStudioVersion = 10.0.40219.1
Project("{FAE04EC0-301F-11D3-BF4B-00C04F79EFBC}") = "Instant-Gaming", "Instant-Gaming\Instant-Gaming.csproj", "{52354E96-A3A3-488B-8DBF-03548D43223A}"
EndProject
Global
	GlobalSection(SolutionConfigurationPlatforms) = preSolution
		Debug|Any CPU = Debug|Any CPU
		Release|Any CPU = Release|Any CPU
	EndGlobalSection
	GlobalSection(ProjectConfigurationPlatforms) = postSolution
		{52354E96-A3A3-488B-8DBF-03548D43223A}.Debug|Any CPU.ActiveCfg = Debug|Any CPU
		{52354E96-A3A3-488B-8DBF-03548D43223A}.Debug|Any CPU.Build.0 = Debug|Any CPU
		{52354E96-A3A3-488B-8DBF-03548D43223A}.Release|Any CPU.ActiveCfg = Release|Any CPU
		{52354E96-A3A3-488B-8DBF-03548D43223A}.Release|Any CPU.Build.0 = Release|Any CPU
	EndGlobalSection
	GlobalSection(SolutionProperties) = preSolution
		HideSolutionNode = FALSE
	EndGlobalSection
	GlobalSection(ExtensibilityGlobals) = postSolution
		SolutionGuid = {6D4A74D8-778F-4780-97D9-1D540A970E59}
	EndGlobalSection
EndGlobal
